
Microsoft Visual Studio Solution File, Format Version 12.00
# Visual Studio 14
VisualStudioVersion = 14.0.24720.0
MinimumVisualStudioVersion = 10.0.40219.1
Project("{FAE04EC0-301F-11D3-BF4B-00C04F79EFBC}") = "InputValidater", "InputValidater\InputValidater.csproj", "{CBC10487-A8C0-4C0E-A4DC-F245EEE0CB4B}"
EndProject
Global
	GlobalSection(SolutionConfigurationPlatforms) = preSolution
		Debug|Any CPU = Debug|Any CPU
		Release|Any CPU = Release|Any CPU
	EndGlobalSection
	GlobalSection(ProjectConfigurationPlatforms) = postSolution
		{CBC10487-A8C0-4C0E-A4DC-F245EEE0CB4B}.Debug|Any CPU.ActiveCfg = Debug|Any CPU
		{CBC10487-A8C0-4C0E-A4DC-F245EEE0CB4B}.Debug|Any CPU.Build.0 = Debug|Any CPU
		{CBC10487-A8C0-4C0E-A4DC-F245EEE0CB4B}.Release|Any CPU.ActiveCfg = Release|Any CPU
		{CBC10487-A8C0-4C0E-A4DC-F245EEE0CB4B}.Release|Any CPU.Build.0 = Release|Any CPU
	EndGlobalSection
	GlobalSection(SolutionProperties) = preSolution
		HideSolutionNode = FALSE
	EndGlobalSection
EndGlobal
