
Microsoft Visual Studio Solution File, Format Version 12.00
# Visual Studio Version 16
VisualStudioVersion = 16.0.29613.14
MinimumVisualStudioVersion = 10.0.40219.1
Project("{9A19103F-16F7-4668-BE54-9A1E7A4F7556}") = "UnitTests", "UnitTests\UnitTests.csproj", "{8B360517-54EE-454D-B3ED-A658895254CA}"
EndProject
Project("{9A19103F-16F7-4668-BE54-9A1E7A4F7556}") = "LabPhase3", "LabPhase02\LabPhase3.csproj", "{9B96322D-B236-41AB-BF36-36EF8574F231}"
EndProject
Global
	GlobalSection(SolutionConfigurationPlatforms) = preSolution
		Debug|Any CPU = Debug|Any CPU
		Release|Any CPU = Release|Any CPU
	EndGlobalSection
	GlobalSection(ProjectConfigurationPlatforms) = postSolution
		{8B360517-54EE-454D-B3ED-A658895254CA}.Debug|Any CPU.ActiveCfg = Debug|Any CPU
		{8B360517-54EE-454D-B3ED-A658895254CA}.Debug|Any CPU.Build.0 = Debug|Any CPU
		{8B360517-54EE-454D-B3ED-A658895254CA}.Release|Any CPU.ActiveCfg = Release|Any CPU
		{8B360517-54EE-454D-B3ED-A658895254CA}.Release|Any CPU.Build.0 = Release|Any CPU
		{9B96322D-B236-41AB-BF36-36EF8574F231}.Debug|Any CPU.ActiveCfg = Debug|Any CPU
		{9B96322D-B236-41AB-BF36-36EF8574F231}.Debug|Any CPU.Build.0 = Debug|Any CPU
		{9B96322D-B236-41AB-BF36-36EF8574F231}.Release|Any CPU.ActiveCfg = Release|Any CPU
		{9B96322D-B236-41AB-BF36-36EF8574F231}.Release|Any CPU.Build.0 = Release|Any CPU
	EndGlobalSection
	GlobalSection(SolutionProperties) = preSolution
		HideSolutionNode = FALSE
	EndGlobalSection
	GlobalSection(ExtensibilityGlobals) = postSolution
		SolutionGuid = {179156C7-04EE-48CA-9197-98D9E63E6384}
	EndGlobalSection
EndGlobal
